
Microsoft Visual Studio Solution File, Format Version 12.00
# Visual Studio Version 17
VisualStudioVersion = 17.2.32505.173
MinimumVisualStudioVersion = 10.0.40219.1
Project("{FAE04EC0-301F-11D3-BF4B-00C04F79EFBC}") = "ChartServer", "ChartServer.csproj", "{351D2849-37C5-46C2-863E-31A33406025F}"
EndProject
Global
	GlobalSection(SolutionConfigurationPlatforms) = preSolution
		Debug|Any CPU = Debug|Any CPU
		Release|Any CPU = Release|Any CPU
	EndGlobalSection
	GlobalSection(ProjectConfigurationPlatforms) = postSolution
		{351D2849-37C5-46C2-863E-31A33406025F}.Debug|Any CPU.ActiveCfg = Debug|Any CPU
		{351D2849-37C5-46C2-863E-31A33406025F}.Debug|Any CPU.Build.0 = Debug|Any CPU
		{351D2849-37C5-46C2-863E-31A33406025F}.Release|Any CPU.ActiveCfg = Release|Any CPU
		{351D2849-37C5-46C2-863E-31A33406025F}.Release|Any CPU.Build.0 = Release|Any CPU
	EndGlobalSection
	GlobalSection(SolutionProperties) = preSolution
		HideSolutionNode = FALSE
	EndGlobalSection
	GlobalSection(ExtensibilityGlobals) = postSolution
		SolutionGuid = {79E50BEA-6205-41CA-A9AC-6EE8C84C1A78}
	EndGlobalSection
EndGlobal
